// !$*UTF8*$!
{
	archiveVersion = 1;
	classes = {
	};
	objectVersion = 46;
	objects = {

/* Begin PBXBuildFile section */
		1B73A0561EE54DB2007C1C4A /* RCTCustomModule.m in Sources */ = {isa = PBXBuildFile; fileRef = 1B73A0551EE54DB2007C1C4A /* RCTCustomModule.m */; };
		1B73A0571EE54DB2007C1C4A /* RCTCustomModule.h in CopyFiles */ = {isa = PBXBuildFile; fileRef = 1B73A0541EE54DB2007C1C4A /* RCTCustomModule.h */; };
/* End PBXBuildFile section */

/* Begin PBXCopyFilesBuildPhase section */
		1B73A04F1EE54DB2007C1C4A /* CopyFiles */ = {
			isa = PBXCopyFilesBuildPhase;
			buildActionMask = 2147483647;
			dstPath = "include/$(PRODUCT_NAME)";
			dstSubfolderSpec = 16;
			files = (
				1B73A0571EE54DB2007C1C4A /* RCTCustomModule.h in CopyFiles */,
			);
			runOnlyForDeploymentPostprocessing = 0;
		};
/* End PBXCopyFilesBuildPhase section */

/* Begin PBXFileReference section */
		1B73A0511EE54DB2007C1C4A /* libRCTCustomModule.a */ = {isa = PBXFileReference; explicitFileType = archive.ar; includeInIndex = 0; path = libRCTCustomModule.a; sourceTree = BUILT_PRODUCTS_DIR; };
		1B73A0541EE54DB2007C1C4A /* RCTCustomModule.h */ = {isa = PBXFileReference; lastKnownFileType = sourcecode.c.h; path = RCTCustomModule.h; sourceTree = "<group>"; };
		1B73A0551EE54DB2007C1C4A /* RCTCustomModule.m */ = {isa = PBXFileReference; lastKnownFileType = sourcecode.c.objc; path = RCTCustomModule.m; sourceTree = "<group>"; };
/* End PBXFileReference section */

/* Begin PBXFrameworksBuildPhase section */
		1B73A04E1EE54DB2007C1C4A /* Frameworks */ = {
			isa = PBXFrameworksBuildPhase;
			buildActionMask = 2147483647;
			files = (
			);
			runOnlyForDeploymentPostprocessing = 0;
		};
/* End PBXFrameworksBuildPhase section */

/* Begin PBXGroup section */
		1B73A0481EE54DB2007C1C4A = {
			isa = PBXGroup;
			children = (
				1B73A0531EE54DB2007C1C4A /* RCTCustomModule */,
				1B73A0521EE54DB2007C1C4A /* Products */,
			);
			sourceTree = "<group>";
		};
		1B73A0521EE54DB2007C1C4A /* Products */ = {
			isa = PBXGroup;
			children = (
				1B73A0511EE54DB2007C1C4A /* libRCTCustomModule.a */,
			);
			name = Products;
			sourceTree = "<group>";
		};
		1B73A0531EE54DB2007C1C4A /* RCTCustomModule */ = {
			isa = PBXGroup;
			children = (
				1B73A0541EE54DB2007C1C4A /* RCTCustomModule.h */,
				1B73A0551EE54DB2007C1C4A /* RCTCustomModule.m */,
			);
			path = RCTCustomModule;
			sourceTree = "<group>";
		};
/* End PBXGroup section */

/* Begin PBXNativeTarget section */
		1B73A0501EE54DB2007C1C4A /* RCTCustomModule */ = {
			isa = PBXNativeTarget;
			buildConfigurationList = 1B73A05A1EE54DB2007C1C4A /* Build configuration list for PBXNativeTarget "RCTCustomModule" */;
			buildPhases = (
				1B73A04D1EE54DB2007C1C4A /* Sources */,
				1B73A04E1EE54DB2007C1C4A /* Frameworks */,
				1B73A04F1EE54DB2007C1C4A /* CopyFiles */,
			);
			buildRules = (
			);
			dependencies = (
			);
			name = RCTCustomModule;
			productName = RCTCustomModule;
			productReference = 1B73A0511EE54DB2007C1C4A /* libRCTCustomModule.a */;
			productType = "com.apple.product-type.library.static";
		};
/* End PBXNativeTarget section */

/* Begin PBXProject section */
		1B73A0491EE54DB2007C1C4A /* Project object */ = {
			isa = PBXProject;
			attributes = {
				LastUpgradeCheck = 0820;
				ORGANIZATIONNAME = "Dinesh Maharjan";
				TargetAttributes = {
					1B73A0501EE54DB2007C1C4A = {
						CreatedOnToolsVersion = 8.2.1;
						DevelopmentTeam = FDXPP8CHAK;
						ProvisioningStyle = Automatic;
					};
				};
			};
			buildConfigurationList = 1B73A04C1EE54DB2007C1C4A /* Build configuration list for PBXProject "RCTCustomModule" */;
			compatibilityVersion = "Xcode 3.2";
			developmentRegion = English;
			hasScannedForEncodings = 0;
			knownRegions = (
				en,
			);
			mainGroup = 1B73A0481EE54DB2007C1C4A;
			productRefGroup = 1B73A0521EE54DB2007C1C4A /* Products */;
			projectDirPath = "";
			projectRoot = "";
			targets = (
				1B73A0501EE54DB2007C1C4A /* RCTCustomModule */,
			);
		};
/* End PBXProject section */

/* Begin PBXSourcesBuildPhase section */
		1B73A04D1EE54DB2007C1C4A /* Sources */ = {
			isa = PBXSourcesBuildPhase;
			buildActionMask = 2147483647;
			files = (
				1B73A0561EE54DB2007C1C4A /* RCTCustomModule.m in Sources */,
			);
			runOnlyForDeploymentPostprocessing = 0;
		};
/* End PBXSourcesBuildPhase section */

/* Begin XCBuildConfiguration section */
		1B73A0581EE54DB2007C1C4A /* Debug */ = {
			isa = XCBuildConfiguration;
			buildSettings = {
				ALWAYS_SEARCH_USER_PATHS = NO;
				CLANG_ANALYZER_NONNULL = YES;
				CLANG_CXX_LANGUAGE_STANDARD = "gnu++0x";
				CLANG_CXX_LIBRARY = "libc++";
				CLANG_ENABLE_MODULES = YES;
				CLANG_ENABLE_OBJC_ARC = YES;
				CLANG_WARN_BOOL_CONVERSION = YES;
				CLANG_WARN_CONSTANT_CONVERSION = YES;
				CLANG_WARN_DIRECT_OBJC_ISA_USAGE = YES_ERROR;
				CLANG_WARN_DOCUMENTATION_COMMENTS = YES;
				CLANG_WARN_EMPTY_BODY = YES;
				CLANG_WARN_ENUM_CONVERSION = YES;
				CLANG_WARN_INFINITE_RECURSION = YES;
				CLANG_WARN_INT_CONVERSION = YES;
				CLANG_WARN_OBJC_ROOT_CLASS = YES_ERROR;
				CLANG_WARN_SUSPICIOUS_MOVE = YES;
				CLANG_WARN_UNREACHABLE_CODE = YES;
				CLANG_WARN__DUPLICATE_METHOD_MATCH = YES;
				"CODE_SIGN_IDENTITY[sdk=iphoneos*]" = "iPhone Developer";
				COPY_PHASE_STRIP = NO;
				DEBUG_INFORMATION_FORMAT = dwarf;
				ENABLE_STRICT_OBJC_MSGSEND = YES;
				ENABLE_TESTABILITY = YES;
				GCC_C_LANGUAGE_STANDARD = gnu99;
				GCC_DYNAMIC_NO_PIC = NO;
				GCC_NO_COMMON_BLOCKS = YES;
				GCC_OPTIMIZATION_LEVEL = 0;
				GCC_PREPROCESSOR_DEFINITIONS = (
					"DEBUG=1",
					"$(inherited)",
				);
				GCC_WARN_64_TO_32_BIT_CONVERSION = YES;
				GCC_WARN_ABOUT_RETURN_TYPE = YES_ERROR;
				GCC_WARN_UNDECLARED_SELECTOR = YES;
				GCC_WARN_UNINITIALIZED_AUTOS = YES_AGGRESSIVE;
				GCC_WARN_UNUSED_FUNCTION = YES;
				GCC_WARN_UNUSED_VARIABLE = YES;
				IPHONEOS_DEPLOYMENT_TARGET = 10.2;
				MTL_ENABLE_DEBUG_INFO = YES;
				ONLY_ACTIVE_ARCH = YES;
				SDKROOT = iphoneos;
			};
			name = Debug;
		};
		1B73A0591EE54DB2007C1C4A /* Release */ = {
			isa = XCBuildConfiguration;
			buildSettings = {
				ALWAYS_SEARCH_USER_PATHS = NO;
				CLANG_ANALYZER_NONNULL = YES;
				CLANG_CXX_LANGUAGE_STANDARD = "gnu++0x";
				CLANG_CXX_LIBRARY = "libc++";
				CLANG_ENABLE_MODULES = YES;
				CLANG_ENABLE_OBJC_ARC = YES;
				CLANG_WARN_BOOL_CONVERSION = YES;
				CLANG_WARN_CONSTANT_CONVERSION = YES;
				CLANG_WARN_DIRECT_OBJC_ISA_USAGE = YES_ERROR;
				CLANG_WARN_DOCUMENTATION_COMMENTS = YES;
				CLANG_WARN_EMPTY_BODY = YES;
				CLANG_WARN_ENUM_CONVERSION = YES;
				CLANG_WARN_INFINITE_RECURSION = YES;
				CLANG_WARN_INT_CONVERSION = YES;
				CLANG_WARN_OBJC_ROOT_CLASS = YES_ERROR;
				CLANG_WARN_SUSPICIOUS_MOVE = YES;
				CLANG_WARN_UNREACHABLE_CODE = YES;
				CLANG_WARN__DUPLICATE_METHOD_MATCH = YES;
				"CODE_SIGN_IDENTITY[sdk=iphoneos*]" = "iPhone Developer";
				COPY_PHASE_STRIP = NO;
				DEBUG_INFORMATION_FORMAT = "dwarf-with-dsym";
				ENABLE_NS_ASSERTIONS = NO;
				ENABLE_STRICT_OBJC_MSGSEND = YES;
				GCC_C_LANGUAGE_STANDARD = gnu99;
				GCC_NO_COMMON_BLOCKS = YES;
				GCC_WARN_64_TO_32_BIT_CONVERSION = YES;
				GCC_WARN_ABOUT_RETURN_TYPE = YES_ERROR;
				GCC_WARN_UNDECLARED_SELECTOR = YES;
				GCC_WARN_UNINITIALIZED_AUTOS = YES_AGGRESSIVE;
				GCC_WARN_UNUSED_FUNCTION = YES;
				GCC_WARN_UNUSED_VARIABLE = YES;
				IPHONEOS_DEPLOYMENT_TARGET = 10.2;
				MTL_ENABLE_DEBUG_INFO = NO;
				SDKROOT = iphoneos;
				VALIDATE_PRODUCT = YES;
			};
			name = Release;
		};
		1B73A05B1EE54DB2007C1C4A /* Debug */ = {
			isa = XCBuildConfiguration;
			buildSettings = {
				DEVELOPMENT_TEAM = FDXPP8CHAK;
				OTHER_LDFLAGS = "-ObjC";
				PRODUCT_NAME = "$(TARGET_NAME)";
				SKIP_INSTALL = YES;
			};
			name = Debug;
		};
		1B73A05C1EE54DB2007C1C4A /* Release */ = {
			isa = XCBuildConfiguration;
			buildSettings = {
				DEVELOPMENT_TEAM = FDXPP8CHAK;
				OTHER_LDFLAGS = "-ObjC";
				PRODUCT_NAME = "$(TARGET_NAME)";
				SKIP_INSTALL = YES;
			};
			name = Release;
		};
/* End XCBuildConfiguration section */

/* Begin XCConfigurationList section */
		1B73A04C1EE54DB2007C1C4A /* Build configuration list for PBXProject "RCTCustomModule" */ = {
			isa = XCConfigurationList;
			buildConfigurations = (
				1B73A0581EE54DB2007C1C4A /* Debug */,
				1B73A0591EE54DB2007C1C4A /* Release */,
			);
			defaultConfigurationIsVisible = 0;
			defaultConfigurationName = Release;
		};
		1B73A05A1EE54DB2007C1C4A /* Build configuration list for PBXNativeTarget "RCTCustomModule" */ = {
			isa = XCConfigurationList;
			buildConfigurations = (
				1B73A05B1EE54DB2007C1C4A /* Debug */,
				1B73A05C1EE54DB2007C1C4A /* Release */,
			);
			defaultConfigurationIsVisible = 0;
		};
/* End XCConfigurationList section */
	};
	rootObject = 1B73A0491EE54DB2007C1C4A /* Project object */;
}
